// !$*UTF8*$!
{
	archiveVersion = 1;
	classes = {
	};
	objectVersion = 56;
	objects = {

/* Begin PBXBuildFile section */
		133616C72A7945DD00B69017 /* ios_sampleApp.swift in Sources */ = {isa = PBXBuildFile; fileRef = 133616C62A7945DD00B69017 /* ios_sampleApp.swift */; };
		133616C92A7945DD00B69017 /* ContentView.swift in Sources */ = {isa = PBXBuildFile; fileRef = 133616C82A7945DD00B69017 /* ContentView.swift */; };
		133616CB2A7945DE00B69017 /* Assets.xcassets in Resources */ = {isa = PBXBuildFile; fileRef = 133616CA2A7945DE00B69017 /* Assets.xcassets */; };
		133616CF2A7945DE00B69017 /* Preview Assets.xcassets in Resources */ = {isa = PBXBuildFile; fileRef = 133616CE2A7945DE00B69017 /* Preview Assets.xcassets */; };
		133616D92A7945DE00B69017 /* ios_sampleTests.swift in Sources */ = {isa = PBXBuildFile; fileRef = 133616D82A7945DE00B69017 /* ios_sampleTests.swift */; };
		133616E32A7945DE00B69017 /* ios_sampleUITests.swift in Sources */ = {isa = PBXBuildFile; fileRef = 133616E22A7945DE00B69017 /* ios_sampleUITests.swift */; };
		133616E52A7945DE00B69017 /* ios_sampleUITestsLaunchTests.swift in Sources */ = {isa = PBXBuildFile; fileRef = 133616E42A7945DE00B69017 /* ios_sampleUITestsLaunchTests.swift */; };
		1355E6782ABC76A800E96FDA /* Mac_AppApp.swift in Sources */ = {isa = PBXBuildFile; fileRef = 1355E6772ABC76A800E96FDA /* Mac_AppApp.swift */; };
		1355E67A2ABC76A800E96FDA /* ContentView.swift in Sources */ = {isa = PBXBuildFile; fileRef = 1355E6792ABC76A800E96FDA /* ContentView.swift */; };
		1355E67C2ABC76A900E96FDA /* Assets.xcassets in Resources */ = {isa = PBXBuildFile; fileRef = 1355E67B2ABC76A900E96FDA /* Assets.xcassets */; };
		1355E67F2ABC76A900E96FDA /* Preview Assets.xcassets in Resources */ = {isa = PBXBuildFile; fileRef = 1355E67E2ABC76A900E96FDA /* Preview Assets.xcassets */; };
		1355E68A2ABC76A900E96FDA /* Mac_AppTests.swift in Sources */ = {isa = PBXBuildFile; fileRef = 1355E6892ABC76A900E96FDA /* Mac_AppTests.swift */; };
		1355E6942ABC76A900E96FDA /* Mac_AppUITests.swift in Sources */ = {isa = PBXBuildFile; fileRef = 1355E6932ABC76A900E96FDA /* Mac_AppUITests.swift */; };
		1355E6962ABC76A900E96FDA /* Mac_AppUITestsLaunchTests.swift in Sources */ = {isa = PBXBuildFile; fileRef = 1355E6952ABC76A900E96FDA /* Mac_AppUITestsLaunchTests.swift */; };
/* End PBXBuildFile section */

/* Begin PBXContainerItemProxy section */
		133616D52A7945DE00B69017 /* PBXContainerItemProxy */ = {
			isa = PBXContainerItemProxy;
			containerPortal = 133616BB2A7945DD00B69017 /* Project object */;
			proxyType = 1;
			remoteGlobalIDString = 133616C22A7945DD00B69017;
			remoteInfo = "ios-sample";
		};
		133616DF2A7945DE00B69017 /* PBXContainerItemProxy */ = {
			isa = PBXContainerItemProxy;
			containerPortal = 133616BB2A7945DD00B69017 /* Project object */;
			proxyType = 1;
			remoteGlobalIDString = 133616C22A7945DD00B69017;
			remoteInfo = "ios-sample";
		};
		1355E6862ABC76A900E96FDA /* PBXContainerItemProxy */ = {
			isa = PBXContainerItemProxy;
			containerPortal = 133616BB2A7945DD00B69017 /* Project object */;
			proxyType = 1;
			remoteGlobalIDString = 1355E6742ABC76A800E96FDA;
			remoteInfo = "Mac App";
		};
		1355E6902ABC76A900E96FDA /* PBXContainerItemProxy */ = {
			isa = PBXContainerItemProxy;
			containerPortal = 133616BB2A7945DD00B69017 /* Project object */;
			proxyType = 1;
			remoteGlobalIDString = 1355E6742ABC76A800E96FDA;
			remoteInfo = "Mac App";
		};
/* End PBXContainerItemProxy section */

/* Begin PBXFileReference section */
		133616C32A7945DD00B69017 /* ios-sample.app */ = {isa = PBXFileReference; explicitFileType = wrapper.application; includeInIndex = 0; path = "ios-sample.app"; sourceTree = BUILT_PRODUCTS_DIR; };
		133616C62A7945DD00B69017 /* ios_sampleApp.swift */ = {isa = PBXFileReference; lastKnownFileType = sourcecode.swift; path = ios_sampleApp.swift; sourceTree = "<group>"; };
		133616C82A7945DD00B69017 /* ContentView.swift */ = {isa = PBXFileReference; lastKnownFileType = sourcecode.swift; path = ContentView.swift; sourceTree = "<group>"; };
		133616CA2A7945DE00B69017 /* Assets.xcassets */ = {isa = PBXFileReference; lastKnownFileType = folder.assetcatalog; path = Assets.xcassets; sourceTree = "<group>"; };
		133616CC2A7945DE00B69017 /* ios_sample.entitlements */ = {isa = PBXFileReference; lastKnownFileType = text.plist.entitlements; path = ios_sample.entitlements; sourceTree = "<group>"; };
		133616CE2A7945DE00B69017 /* Preview Assets.xcassets */ = {isa = PBXFileReference; lastKnownFileType = folder.assetcatalog; path = "Preview Assets.xcassets"; sourceTree = "<group>"; };
		133616D42A7945DE00B69017 /* ios-sampleTests.xctest */ = {isa = PBXFileReference; explicitFileType = wrapper.cfbundle; includeInIndex = 0; path = "ios-sampleTests.xctest"; sourceTree = BUILT_PRODUCTS_DIR; };
		133616D82A7945DE00B69017 /* ios_sampleTests.swift */ = {isa = PBXFileReference; lastKnownFileType = sourcecode.swift; path = ios_sampleTests.swift; sourceTree = "<group>"; };
		133616DE2A7945DE00B69017 /* ios-sampleUITests.xctest */ = {isa = PBXFileReference; explicitFileType = wrapper.cfbundle; includeInIndex = 0; path = "ios-sampleUITests.xctest"; sourceTree = BUILT_PRODUCTS_DIR; };
		133616E22A7945DE00B69017 /* ios_sampleUITests.swift */ = {isa = PBXFileReference; lastKnownFileType = sourcecode.swift; path = ios_sampleUITests.swift; sourceTree = "<group>"; };
		133616E42A7945DE00B69017 /* ios_sampleUITestsLaunchTests.swift */ = {isa = PBXFileReference; lastKnownFileType = sourcecode.swift; path = ios_sampleUITestsLaunchTests.swift; sourceTree = "<group>"; };
		1355E6752ABC76A800E96FDA /* Mac App.app */ = {isa = PBXFileReference; explicitFileType = wrapper.application; includeInIndex = 0; path = "Mac App.app"; sourceTree = BUILT_PRODUCTS_DIR; };
		1355E6772ABC76A800E96FDA /* Mac_AppApp.swift */ = {isa = PBXFileReference; lastKnownFileType = sourcecode.swift; path = Mac_AppApp.swift; sourceTree = "<group>"; };
		1355E6792ABC76A800E96FDA /* ContentView.swift */ = {isa = PBXFileReference; lastKnownFileType = sourcecode.swift; path = ContentView.swift; sourceTree = "<group>"; };
		1355E67B2ABC76A900E96FDA /* Assets.xcassets */ = {isa = PBXFileReference; lastKnownFileType = folder.assetcatalog; path = Assets.xcassets; sourceTree = "<group>"; };
		1355E67E2ABC76A900E96FDA /* Preview Assets.xcassets */ = {isa = PBXFileReference; lastKnownFileType = folder.assetcatalog; path = "Preview Assets.xcassets"; sourceTree = "<group>"; };
		1355E6802ABC76A900E96FDA /* Mac_App.entitlements */ = {isa = PBXFileReference; lastKnownFileType = text.plist.entitlements; path = Mac_App.entitlements; sourceTree = "<group>"; };
		1355E6852ABC76A900E96FDA /* Mac AppTests.xctest */ = {isa = PBXFileReference; explicitFileType = wrapper.cfbundle; includeInIndex = 0; path = "Mac AppTests.xctest"; sourceTree = BUILT_PRODUCTS_DIR; };
		1355E6892ABC76A900E96FDA /* Mac_AppTests.swift */ = {isa = PBXFileReference; lastKnownFileType = sourcecode.swift; path = Mac_AppTests.swift; sourceTree = "<group>"; };
		1355E68F2ABC76A900E96FDA /* Mac AppUITests.xctest */ = {isa = PBXFileReference; explicitFileType = wrapper.cfbundle; includeInIndex = 0; path = "Mac AppUITests.xctest"; sourceTree = BUILT_PRODUCTS_DIR; };
		1355E6932ABC76A900E96FDA /* Mac_AppUITests.swift */ = {isa = PBXFileReference; lastKnownFileType = sourcecode.swift; path = Mac_AppUITests.swift; sourceTree = "<group>"; };
		1355E6952ABC76A900E96FDA /* Mac_AppUITestsLaunchTests.swift */ = {isa = PBXFileReference; lastKnownFileType = sourcecode.swift; path = Mac_AppUITestsLaunchTests.swift; sourceTree = "<group>"; };
/* End PBXFileReference section */

/* Begin PBXFrameworksBuildPhase section */
		133616C02A7945DD00B69017 /* Frameworks */ = {
			isa = PBXFrameworksBuildPhase;
			buildActionMask = 2147483647;
			files = (
			);
			runOnlyForDeploymentPostprocessing = 0;
		};
		133616D12A7945DE00B69017 /* Frameworks */ = {
			isa = PBXFrameworksBuildPhase;
			buildActionMask = 2147483647;
			files = (
			);
			runOnlyForDeploymentPostprocessing = 0;
		};
		133616DB2A7945DE00B69017 /* Frameworks */ = {
			isa = PBXFrameworksBuildPhase;
			buildActionMask = 2147483647;
			files = (
			);
			runOnlyForDeploymentPostprocessing = 0;
		};
		1355E6722ABC76A800E96FDA /* Frameworks */ = {
			isa = PBXFrameworksBuildPhase;
			buildActionMask = 2147483647;
			files = (
			);
			runOnlyForDeploymentPostprocessing = 0;
		};
		1355E6822ABC76A900E96FDA /* Frameworks */ = {
			isa = PBXFrameworksBuildPhase;
			buildActionMask = 2147483647;
			files = (
			);
			runOnlyForDeploymentPostprocessing = 0;
		};
		1355E68C2ABC76A900E96FDA /* Frameworks */ = {
			isa = PBXFrameworksBuildPhase;
			buildActionMask = 2147483647;
			files = (
			);
			runOnlyForDeploymentPostprocessing = 0;
		};
/* End PBXFrameworksBuildPhase section */

/* Begin PBXGroup section */
		133616BA2A7945DD00B69017 = {
			isa = PBXGroup;
			children = (
				133616C52A7945DD00B69017 /* ios-sample */,
				133616D72A7945DE00B69017 /* ios-sampleTests */,
				133616E12A7945DE00B69017 /* ios-sampleUITests */,
				1355E6762ABC76A800E96FDA /* Mac App */,
				1355E6882ABC76A900E96FDA /* Mac AppTests */,
				1355E6922ABC76A900E96FDA /* Mac AppUITests */,
				133616C42A7945DD00B69017 /* Products */,
			);
			sourceTree = "<group>";
		};
		133616C42A7945DD00B69017 /* Products */ = {
			isa = PBXGroup;
			children = (
				133616C32A7945DD00B69017 /* ios-sample.app */,
				133616D42A7945DE00B69017 /* ios-sampleTests.xctest */,
				133616DE2A7945DE00B69017 /* ios-sampleUITests.xctest */,
				1355E6752ABC76A800E96FDA /* Mac App.app */,
				1355E6852ABC76A900E96FDA /* Mac AppTests.xctest */,
				1355E68F2ABC76A900E96FDA /* Mac AppUITests.xctest */,
			);
			name = Products;
			sourceTree = "<group>";
		};
		133616C52A7945DD00B69017 /* ios-sample */ = {
			isa = PBXGroup;
			children = (
				133616C62A7945DD00B69017 /* ios_sampleApp.swift */,
				133616C82A7945DD00B69017 /* ContentView.swift */,
				133616CA2A7945DE00B69017 /* Assets.xcassets */,
				133616CC2A7945DE00B69017 /* ios_sample.entitlements */,
				133616CD2A7945DE00B69017 /* Preview Content */,
			);
			path = "ios-sample";
			sourceTree = "<group>";
		};
		133616CD2A7945DE00B69017 /* Preview Content */ = {
			isa = PBXGroup;
			children = (
				133616CE2A7945DE00B69017 /* Preview Assets.xcassets */,
			);
			path = "Preview Content";
			sourceTree = "<group>";
		};
		133616D72A7945DE00B69017 /* ios-sampleTests */ = {
			isa = PBXGroup;
			children = (
				133616D82A7945DE00B69017 /* ios_sampleTests.swift */,
			);
			path = "ios-sampleTests";
			sourceTree = "<group>";
		};
		133616E12A7945DE00B69017 /* ios-sampleUITests */ = {
			isa = PBXGroup;
			children = (
				133616E22A7945DE00B69017 /* ios_sampleUITests.swift */,
				133616E42A7945DE00B69017 /* ios_sampleUITestsLaunchTests.swift */,
			);
			path = "ios-sampleUITests";
			sourceTree = "<group>";
		};
		1355E6762ABC76A800E96FDA /* Mac App */ = {
			isa = PBXGroup;
			children = (
				1355E6772ABC76A800E96FDA /* Mac_AppApp.swift */,
				1355E6792ABC76A800E96FDA /* ContentView.swift */,
				1355E67B2ABC76A900E96FDA /* Assets.xcassets */,
				1355E6802ABC76A900E96FDA /* Mac_App.entitlements */,
				1355E67D2ABC76A900E96FDA /* Preview Content */,
			);
			path = "Mac App";
			sourceTree = "<group>";
		};
		1355E67D2ABC76A900E96FDA /* Preview Content */ = {
			isa = PBXGroup;
			children = (
				1355E67E2ABC76A900E96FDA /* Preview Assets.xcassets */,
			);
			path = "Preview Content";
			sourceTree = "<group>";
		};
		1355E6882ABC76A900E96FDA /* Mac AppTests */ = {
			isa = PBXGroup;
			children = (
				1355E6892ABC76A900E96FDA /* Mac_AppTests.swift */,
			);
			path = "Mac AppTests";
			sourceTree = "<group>";
		};
		1355E6922ABC76A900E96FDA /* Mac AppUITests */ = {
			isa = PBXGroup;
			children = (
				1355E6932ABC76A900E96FDA /* Mac_AppUITests.swift */,
				1355E6952ABC76A900E96FDA /* Mac_AppUITestsLaunchTests.swift */,
			);
			path = "Mac AppUITests";
			sourceTree = "<group>";
		};
/* End PBXGroup section */

/* Begin PBXNativeTarget section */
		133616C22A7945DD00B69017 /* ios-sample */ = {
			isa = PBXNativeTarget;
			buildConfigurationList = 133616E82A7945DE00B69017 /* Build configuration list for PBXNativeTarget "ios-sample" */;
			buildPhases = (
				133616BF2A7945DD00B69017 /* Sources */,
				133616C02A7945DD00B69017 /* Frameworks */,
				133616C12A7945DD00B69017 /* Resources */,
			);
			buildRules = (
			);
			dependencies = (
			);
			name = "ios-sample";
			productName = "ios-sample";
			productReference = 133616C32A7945DD00B69017 /* ios-sample.app */;
			productType = "com.apple.product-type.application";
		};
		133616D32A7945DE00B69017 /* ios-sampleTests */ = {
			isa = PBXNativeTarget;
			buildConfigurationList = 133616EB2A7945DE00B69017 /* Build configuration list for PBXNativeTarget "ios-sampleTests" */;
			buildPhases = (
				133616D02A7945DE00B69017 /* Sources */,
				133616D12A7945DE00B69017 /* Frameworks */,
				133616D22A7945DE00B69017 /* Resources */,
			);
			buildRules = (
			);
			dependencies = (
				133616D62A7945DE00B69017 /* PBXTargetDependency */,
			);
			name = "ios-sampleTests";
			productName = "ios-sampleTests";
			productReference = 133616D42A7945DE00B69017 /* ios-sampleTests.xctest */;
			productType = "com.apple.product-type.bundle.unit-test";
		};
		133616DD2A7945DE00B69017 /* ios-sampleUITests */ = {
			isa = PBXNativeTarget;
			buildConfigurationList = 133616EE2A7945DE00B69017 /* Build configuration list for PBXNativeTarget "ios-sampleUITests" */;
			buildPhases = (
				133616DA2A7945DE00B69017 /* Sources */,
				133616DB2A7945DE00B69017 /* Frameworks */,
				133616DC2A7945DE00B69017 /* Resources */,
			);
			buildRules = (
			);
			dependencies = (
				133616E02A7945DE00B69017 /* PBXTargetDependency */,
			);
			name = "ios-sampleUITests";
			productName = "ios-sampleUITests";
			productReference = 133616DE2A7945DE00B69017 /* ios-sampleUITests.xctest */;
			productType = "com.apple.product-type.bundle.ui-testing";
		};
		1355E6742ABC76A800E96FDA /* Mac App */ = {
			isa = PBXNativeTarget;
			buildConfigurationList = 1355E69D2ABC76A900E96FDA /* Build configuration list for PBXNativeTarget "Mac App" */;
			buildPhases = (
				1355E6712ABC76A800E96FDA /* Sources */,
				1355E6722ABC76A800E96FDA /* Frameworks */,
				1355E6732ABC76A800E96FDA /* Resources */,
			);
			buildRules = (
			);
			dependencies = (
			);
			name = "Mac App";
			productName = "Mac App";
			productReference = 1355E6752ABC76A800E96FDA /* Mac App.app */;
			productType = "com.apple.product-type.application";
		};
		1355E6842ABC76A900E96FDA /* Mac AppTests */ = {
			isa = PBXNativeTarget;
			buildConfigurationList = 1355E69E2ABC76A900E96FDA /* Build configuration list for PBXNativeTarget "Mac AppTests" */;
			buildPhases = (
				1355E6812ABC76A900E96FDA /* Sources */,
				1355E6822ABC76A900E96FDA /* Frameworks */,
				1355E6832ABC76A900E96FDA /* Resources */,
			);
			buildRules = (
			);
			dependencies = (
				1355E6872ABC76A900E96FDA /* PBXTargetDependency */,
			);
			name = "Mac AppTests";
			productName = "Mac AppTests";
			productReference = 1355E6852ABC76A900E96FDA /* Mac AppTests.xctest */;
			productType = "com.apple.product-type.bundle.unit-test";
		};
		1355E68E2ABC76A900E96FDA /* Mac AppUITests */ = {
			isa = PBXNativeTarget;
			buildConfigurationList = 1355E69F2ABC76A900E96FDA /* Build configuration list for PBXNativeTarget "Mac AppUITests" */;
			buildPhases = (
				1355E68B2ABC76A900E96FDA /* Sources */,
				1355E68C2ABC76A900E96FDA /* Frameworks */,
				1355E68D2ABC76A900E96FDA /* Resources */,
			);
			buildRules = (
			);
			dependencies = (
				1355E6912ABC76A900E96FDA /* PBXTargetDependency */,
			);
			name = "Mac AppUITests";
			productName = "Mac AppUITests";
			productReference = 1355E68F2ABC76A900E96FDA /* Mac AppUITests.xctest */;
			productType = "com.apple.product-type.bundle.ui-testing";
		};
/* End PBXNativeTarget section */

/* Begin PBXProject section */
		133616BB2A7945DD00B69017 /* Project object */ = {
			isa = PBXProject;
			attributes = {
				BuildIndependentTargetsInParallel = 1;
				LastSwiftUpdateCheck = 1430;
				LastUpgradeCheck = 1430;
				TargetAttributes = {
					133616C22A7945DD00B69017 = {
						CreatedOnToolsVersion = 14.3.1;
					};
					133616D32A7945DE00B69017 = {
						CreatedOnToolsVersion = 14.3.1;
						TestTargetID = 133616C22A7945DD00B69017;
					};
					133616DD2A7945DE00B69017 = {
						CreatedOnToolsVersion = 14.3.1;
						TestTargetID = 133616C22A7945DD00B69017;
					};
					1355E6742ABC76A800E96FDA = {
						CreatedOnToolsVersion = 14.3.1;
					};
					1355E6842ABC76A900E96FDA = {
						CreatedOnToolsVersion = 14.3.1;
						TestTargetID = 1355E6742ABC76A800E96FDA;
					};
					1355E68E2ABC76A900E96FDA = {
						CreatedOnToolsVersion = 14.3.1;
						TestTargetID = 1355E6742ABC76A800E96FDA;
					};
				};
			};
			buildConfigurationList = 133616BE2A7945DD00B69017 /* Build configuration list for PBXProject "ios-sample" */;
			compatibilityVersion = "Xcode 14.0";
			developmentRegion = en;
			hasScannedForEncodings = 0;
			knownRegions = (
				en,
				Base,
			);
			mainGroup = 133616BA2A7945DD00B69017;
			productRefGroup = 133616C42A7945DD00B69017 /* Products */;
			projectDirPath = "";
			projectRoot = "";
			targets = (
				133616C22A7945DD00B69017 /* ios-sample */,
				133616D32A7945DE00B69017 /* ios-sampleTests */,
				133616DD2A7945DE00B69017 /* ios-sampleUITests */,
				1355E6742ABC76A800E96FDA /* Mac App */,
				1355E6842ABC76A900E96FDA /* Mac AppTests */,
				1355E68E2ABC76A900E96FDA /* Mac AppUITests */,
			);
		};
/* End PBXProject section */

/* Begin PBXResourcesBuildPhase section */
		133616C12A7945DD00B69017 /* Resources */ = {
			isa = PBXResourcesBuildPhase;
			buildActionMask = 2147483647;
			files = (
				133616CF2A7945DE00B69017 /* Preview Assets.xcassets in Resources */,
				133616CB2A7945DE00B69017 /* Assets.xcassets in Resources */,
			);
			runOnlyForDeploymentPostprocessing = 0;
		};
		133616D22A7945DE00B69017 /* Resources */ = {
			isa = PBXResourcesBuildPhase;
			buildActionMask = 2147483647;
			files = (
			);
			runOnlyForDeploymentPostprocessing = 0;
		};
		133616DC2A7945DE00B69017 /* Resources */ = {
			isa = PBXResourcesBuildPhase;
			buildActionMask = 2147483647;
			files = (
			);
			runOnlyForDeploymentPostprocessing = 0;
		};
		1355E6732ABC76A800E96FDA /* Resources */ = {
			isa = PBXResourcesBuildPhase;
			buildActionMask = 2147483647;
			files = (
				1355E67F2ABC76A900E96FDA /* Preview Assets.xcassets in Resources */,
				1355E67C2ABC76A900E96FDA /* Assets.xcassets in Resources */,
			);
			runOnlyForDeploymentPostprocessing = 0;
		};
		1355E6832ABC76A900E96FDA /* Resources */ = {
			isa = PBXResourcesBuildPhase;
			buildActionMask = 2147483647;
			files = (
			);
			runOnlyForDeploymentPostprocessing = 0;
		};
		1355E68D2ABC76A900E96FDA /* Resources */ = {
			isa = PBXResourcesBuildPhase;
			buildActionMask = 2147483647;
			files = (
			);
			runOnlyForDeploymentPostprocessing = 0;
		};
/* End PBXResourcesBuildPhase section */

/* Begin PBXSourcesBuildPhase section */
		133616BF2A7945DD00B69017 /* Sources */ = {
			isa = PBXSourcesBuildPhase;
			buildActionMask = 2147483647;
			files = (
				133616C92A7945DD00B69017 /* ContentView.swift in Sources */,
				133616C72A7945DD00B69017 /* ios_sampleApp.swift in Sources */,
			);
			runOnlyForDeploymentPostprocessing = 0;
		};
		133616D02A7945DE00B69017 /* Sources */ = {
			isa = PBXSourcesBuildPhase;
			buildActionMask = 2147483647;
			files = (
				133616D92A7945DE00B69017 /* ios_sampleTests.swift in Sources */,
			);
			runOnlyForDeploymentPostprocessing = 0;
		};
		133616DA2A7945DE00B69017 /* Sources */ = {
			isa = PBXSourcesBuildPhase;
			buildActionMask = 2147483647;
			files = (
				133616E52A7945DE00B69017 /* ios_sampleUITestsLaunchTests.swift in Sources */,
				133616E32A7945DE00B69017 /* ios_sampleUITests.swift in Sources */,
			);
			runOnlyForDeploymentPostprocessing = 0;
		};
		1355E6712ABC76A800E96FDA /* Sources */ = {
			isa = PBXSourcesBuildPhase;
			buildActionMask = 2147483647;
			files = (
				1355E67A2ABC76A800E96FDA /* ContentView.swift in Sources */,
				1355E6782ABC76A800E96FDA /* Mac_AppApp.swift in Sources */,
			);
			runOnlyForDeploymentPostprocessing = 0;
		};
		1355E6812ABC76A900E96FDA /* Sources */ = {
			isa = PBXSourcesBuildPhase;
			buildActionMask = 2147483647;
			files = (
				1355E68A2ABC76A900E96FDA /* Mac_AppTests.swift in Sources */,
			);
			runOnlyForDeploymentPostprocessing = 0;
		};
		1355E68B2ABC76A900E96FDA /* Sources */ = {
			isa = PBXSourcesBuildPhase;
			buildActionMask = 2147483647;
			files = (
				1355E6962ABC76A900E96FDA /* Mac_AppUITestsLaunchTests.swift in Sources */,
				1355E6942ABC76A900E96FDA /* Mac_AppUITests.swift in Sources */,
			);
			runOnlyForDeploymentPostprocessing = 0;
		};
/* End PBXSourcesBuildPhase section */

/* Begin PBXTargetDependency section */
		133616D62A7945DE00B69017 /* PBXTargetDependency */ = {
			isa = PBXTargetDependency;
			target = 133616C22A7945DD00B69017 /* ios-sample */;
			targetProxy = 133616D52A7945DE00B69017 /* PBXContainerItemProxy */;
		};
		133616E02A7945DE00B69017 /* PBXTargetDependency */ = {
			isa = PBXTargetDependency;
			target = 133616C22A7945DD00B69017 /* ios-sample */;
			targetProxy = 133616DF2A7945DE00B69017 /* PBXContainerItemProxy */;
		};
		1355E6872ABC76A900E96FDA /* PBXTargetDependency */ = {
			isa = PBXTargetDependency;
			target = 1355E6742ABC76A800E96FDA /* Mac App */;
			targetProxy = 1355E6862ABC76A900E96FDA /* PBXContainerItemProxy */;
		};
		1355E6912ABC76A900E96FDA /* PBXTargetDependency */ = {
			isa = PBXTargetDependency;
			target = 1355E6742ABC76A800E96FDA /* Mac App */;
			targetProxy = 1355E6902ABC76A900E96FDA /* PBXContainerItemProxy */;
		};
/* End PBXTargetDependency section */

/* Begin XCBuildConfiguration section */
		133616E62A7945DE00B69017 /* Debug */ = {
			isa = XCBuildConfiguration;
			buildSettings = {
				ALWAYS_SEARCH_USER_PATHS = NO;
				CLANG_ANALYZER_NONNULL = YES;
				CLANG_ANALYZER_NUMBER_OBJECT_CONVERSION = YES_AGGRESSIVE;
				CLANG_CXX_LANGUAGE_STANDARD = "gnu++20";
				CLANG_ENABLE_MODULES = YES;
				CLANG_ENABLE_OBJC_ARC = YES;
				CLANG_ENABLE_OBJC_WEAK = YES;
				CLANG_WARN_BLOCK_CAPTURE_AUTORELEASING = YES;
				CLANG_WARN_BOOL_CONVERSION = YES;
				CLANG_WARN_COMMA = YES;
				CLANG_WARN_CONSTANT_CONVERSION = YES;
				CLANG_WARN_DEPRECATED_OBJC_IMPLEMENTATIONS = YES;
				CLANG_WARN_DIRECT_OBJC_ISA_USAGE = YES_ERROR;
				CLANG_WARN_DOCUMENTATION_COMMENTS = YES;
				CLANG_WARN_EMPTY_BODY = YES;
				CLANG_WARN_ENUM_CONVERSION = YES;
				CLANG_WARN_INFINITE_RECURSION = YES;
				CLANG_WARN_INT_CONVERSION = YES;
				CLANG_WARN_NON_LITERAL_NULL_CONVERSION = YES;
				CLANG_WARN_OBJC_IMPLICIT_RETAIN_SELF = YES;
				CLANG_WARN_OBJC_LITERAL_CONVERSION = YES;
				CLANG_WARN_OBJC_ROOT_CLASS = YES_ERROR;
				CLANG_WARN_QUOTED_INCLUDE_IN_FRAMEWORK_HEADER = YES;
				CLANG_WARN_RANGE_LOOP_ANALYSIS = YES;
				CLANG_WARN_STRICT_PROTOTYPES = YES;
				CLANG_WARN_SUSPICIOUS_MOVE = YES;
				CLANG_WARN_UNGUARDED_AVAILABILITY = YES_AGGRESSIVE;
				CLANG_WARN_UNREACHABLE_CODE = YES;
				CLANG_WARN__DUPLICATE_METHOD_MATCH = YES;
				COPY_PHASE_STRIP = NO;
				DEBUG_INFORMATION_FORMAT = dwarf;
				ENABLE_STRICT_OBJC_MSGSEND = YES;
				ENABLE_TESTABILITY = YES;
				GCC_C_LANGUAGE_STANDARD = gnu11;
				GCC_DYNAMIC_NO_PIC = NO;
				GCC_NO_COMMON_BLOCKS = YES;
				GCC_OPTIMIZATION_LEVEL = 0;
				GCC_PREPROCESSOR_DEFINITIONS = (
					"DEBUG=1",
					"$(inherited)",
				);
				GCC_WARN_64_TO_32_BIT_CONVERSION = YES;
				GCC_WARN_ABOUT_RETURN_TYPE = YES_ERROR;
				GCC_WARN_UNDECLARED_SELECTOR = YES;
				GCC_WARN_UNINITIALIZED_AUTOS = YES_AGGRESSIVE;
				GCC_WARN_UNUSED_FUNCTION = YES;
				GCC_WARN_UNUSED_VARIABLE = YES;
				MTL_ENABLE_DEBUG_INFO = INCLUDE_SOURCE;
				MTL_FAST_MATH = YES;
				ONLY_ACTIVE_ARCH = YES;
				SWIFT_ACTIVE_COMPILATION_CONDITIONS = DEBUG;
				SWIFT_OPTIMIZATION_LEVEL = "-Onone";
			};
			name = Debug;
		};
		133616E72A7945DE00B69017 /* Release */ = {
			isa = XCBuildConfiguration;
			buildSettings = {
				ALWAYS_SEARCH_USER_PATHS = NO;
				CLANG_ANALYZER_NONNULL = YES;
				CLANG_ANALYZER_NUMBER_OBJECT_CONVERSION = YES_AGGRESSIVE;
				CLANG_CXX_LANGUAGE_STANDARD = "gnu++20";
				CLANG_ENABLE_MODULES = YES;
				CLANG_ENABLE_OBJC_ARC = YES;
				CLANG_ENABLE_OBJC_WEAK = YES;
				CLANG_WARN_BLOCK_CAPTURE_AUTORELEASING = YES;
				CLANG_WARN_BOOL_CONVERSION = YES;
				CLANG_WARN_COMMA = YES;
				CLANG_WARN_CONSTANT_CONVERSION = YES;
				CLANG_WARN_DEPRECATED_OBJC_IMPLEMENTATIONS = YES;
				CLANG_WARN_DIRECT_OBJC_ISA_USAGE = YES_ERROR;
				CLANG_WARN_DOCUMENTATION_COMMENTS = YES;
				CLANG_WARN_EMPTY_BODY = YES;
				CLANG_WARN_ENUM_CONVERSION = YES;
				CLANG_WARN_INFINITE_RECURSION = YES;
				CLANG_WARN_INT_CONVERSION = YES;
				CLANG_WARN_NON_LITERAL_NULL_CONVERSION = YES;
				CLANG_WARN_OBJC_IMPLICIT_RETAIN_SELF = YES;
				CLANG_WARN_OBJC_LITERAL_CONVERSION = YES;
				CLANG_WARN_OBJC_ROOT_CLASS = YES_ERROR;
				CLANG_WARN_QUOTED_INCLUDE_IN_FRAMEWORK_HEADER = YES;
				CLANG_WARN_RANGE_LOOP_ANALYSIS = YES;
				CLANG_WARN_STRICT_PROTOTYPES = YES;
				CLANG_WARN_SUSPICIOUS_MOVE = YES;
				CLANG_WARN_UNGUARDED_AVAILABILITY = YES_AGGRESSIVE;
				CLANG_WARN_UNREACHABLE_CODE = YES;
				CLANG_WARN__DUPLICATE_METHOD_MATCH = YES;
				COPY_PHASE_STRIP = NO;
				DEBUG_INFORMATION_FORMAT = "dwarf-with-dsym";
				ENABLE_NS_ASSERTIONS = NO;
				ENABLE_STRICT_OBJC_MSGSEND = YES;
				GCC_C_LANGUAGE_STANDARD = gnu11;
				GCC_NO_COMMON_BLOCKS = YES;
				GCC_WARN_64_TO_32_BIT_CONVERSION = YES;
				GCC_WARN_ABOUT_RETURN_TYPE = YES_ERROR;
				GCC_WARN_UNDECLARED_SELECTOR = YES;
				GCC_WARN_UNINITIALIZED_AUTOS = YES_AGGRESSIVE;
				GCC_WARN_UNUSED_FUNCTION = YES;
				GCC_WARN_UNUSED_VARIABLE = YES;
				MTL_ENABLE_DEBUG_INFO = NO;
				MTL_FAST_MATH = YES;
				SWIFT_COMPILATION_MODE = wholemodule;
				SWIFT_OPTIMIZATION_LEVEL = "-O";
			};
			name = Release;
		};
		133616E92A7945DE00B69017 /* Debug */ = {
			isa = XCBuildConfiguration;
			buildSettings = {
				ASSETCATALOG_COMPILER_APPICON_NAME = AppIcon;
				ASSETCATALOG_COMPILER_GLOBAL_ACCENT_COLOR_NAME = AccentColor;
				CODE_SIGN_ENTITLEMENTS = "ios-sample/ios_sample.entitlements";
				CODE_SIGN_STYLE = Automatic;
				CURRENT_PROJECT_VERSION = 1;
				DEVELOPMENT_ASSET_PATHS = "\"ios-sample/Preview Content\"";
				DEVELOPMENT_TEAM = DT2C2FZ7U2;
				ENABLE_HARDENED_RUNTIME = YES;
				ENABLE_PREVIEWS = YES;
				GENERATE_INFOPLIST_FILE = YES;
				INFOPLIST_KEY_LSApplicationCategoryType = "public.app-category.utilities";
				"INFOPLIST_KEY_UIApplicationSceneManifest_Generation[sdk=iphoneos*]" = YES;
				"INFOPLIST_KEY_UIApplicationSceneManifest_Generation[sdk=iphonesimulator*]" = YES;
				"INFOPLIST_KEY_UIApplicationSupportsIndirectInputEvents[sdk=iphoneos*]" = YES;
				"INFOPLIST_KEY_UIApplicationSupportsIndirectInputEvents[sdk=iphonesimulator*]" = YES;
				"INFOPLIST_KEY_UILaunchScreen_Generation[sdk=iphoneos*]" = YES;
				"INFOPLIST_KEY_UILaunchScreen_Generation[sdk=iphonesimulator*]" = YES;
				"INFOPLIST_KEY_UIStatusBarStyle[sdk=iphoneos*]" = UIStatusBarStyleDefault;
				"INFOPLIST_KEY_UIStatusBarStyle[sdk=iphonesimulator*]" = UIStatusBarStyleDefault;
				INFOPLIST_KEY_UISupportedInterfaceOrientations_iPad = "UIInterfaceOrientationPortrait UIInterfaceOrientationPortraitUpsideDown UIInterfaceOrientationLandscapeLeft UIInterfaceOrientationLandscapeRight";
				INFOPLIST_KEY_UISupportedInterfaceOrientations_iPhone = "UIInterfaceOrientationPortrait UIInterfaceOrientationLandscapeLeft UIInterfaceOrientationLandscapeRight";
				IPHONEOS_DEPLOYMENT_TARGET = 16.4;
				LD_RUNPATH_SEARCH_PATHS = "@executable_path/Frameworks";
				"LD_RUNPATH_SEARCH_PATHS[sdk=macosx*]" = "@executable_path/../Frameworks";
				MACOSX_DEPLOYMENT_TARGET = 13.3;
				MARKETING_VERSION = 1.0;
				PRODUCT_BUNDLE_IDENTIFIER = "io.bitrise.ios-sample";
				PRODUCT_NAME = "$(TARGET_NAME)";
				SDKROOT = auto;
				SUPPORTED_PLATFORMS = "iphoneos iphonesimulator macosx";
				SWIFT_EMIT_LOC_STRINGS = YES;
				SWIFT_VERSION = 5.0;
				TARGETED_DEVICE_FAMILY = "1,2";
			};
			name = Debug;
		};
		133616EA2A7945DE00B69017 /* Release */ = {
			isa = XCBuildConfiguration;
			buildSettings = {
				ASSETCATALOG_COMPILER_APPICON_NAME = AppIcon;
				ASSETCATALOG_COMPILER_GLOBAL_ACCENT_COLOR_NAME = AccentColor;
				CODE_SIGN_ENTITLEMENTS = "ios-sample/ios_sample.entitlements";
				CODE_SIGN_STYLE = Automatic;
				CURRENT_PROJECT_VERSION = 1;
				DEVELOPMENT_ASSET_PATHS = "\"ios-sample/Preview Content\"";
				DEVELOPMENT_TEAM = DT2C2FZ7U2;
				ENABLE_HARDENED_RUNTIME = YES;
				ENABLE_PREVIEWS = YES;
				GENERATE_INFOPLIST_FILE = YES;
				INFOPLIST_KEY_LSApplicationCategoryType = "public.app-category.utilities";
				"INFOPLIST_KEY_UIApplicationSceneManifest_Generation[sdk=iphoneos*]" = YES;
				"INFOPLIST_KEY_UIApplicationSceneManifest_Generation[sdk=iphonesimulator*]" = YES;
				"INFOPLIST_KEY_UIApplicationSupportsIndirectInputEvents[sdk=iphoneos*]" = YES;
				"INFOPLIST_KEY_UIApplicationSupportsIndirectInputEvents[sdk=iphonesimulator*]" = YES;
				"INFOPLIST_KEY_UILaunchScreen_Generation[sdk=iphoneos*]" = YES;
				"INFOPLIST_KEY_UILaunchScreen_Generation[sdk=iphonesimulator*]" = YES;
				"INFOPLIST_KEY_UIStatusBarStyle[sdk=iphoneos*]" = UIStatusBarStyleDefault;
				"INFOPLIST_KEY_UIStatusBarStyle[sdk=iphonesimulator*]" = UIStatusBarStyleDefault;
				INFOPLIST_KEY_UISupportedInterfaceOrientations_iPad = "UIInterfaceOrientationPortrait UIInterfaceOrientationPortraitUpsideDown UIInterfaceOrientationLandscapeLeft UIInterfaceOrientationLandscapeRight";
				INFOPLIST_KEY_UISupportedInterfaceOrientations_iPhone = "UIInterfaceOrientationPortrait UIInterfaceOrientationLandscapeLeft UIInterfaceOrientationLandscapeRight";
				IPHONEOS_DEPLOYMENT_TARGET = 16.4;
				LD_RUNPATH_SEARCH_PATHS = "@executable_path/Frameworks";
				"LD_RUNPATH_SEARCH_PATHS[sdk=macosx*]" = "@executable_path/../Frameworks";
				MACOSX_DEPLOYMENT_TARGET = 13.3;
				MARKETING_VERSION = 1.0;
				PRODUCT_BUNDLE_IDENTIFIER = "io.bitrise.ios-sample";
				PRODUCT_NAME = "$(TARGET_NAME)";
				SDKROOT = auto;
				SUPPORTED_PLATFORMS = "iphoneos iphonesimulator macosx";
				SWIFT_EMIT_LOC_STRINGS = YES;
				SWIFT_VERSION = 5.0;
				TARGETED_DEVICE_FAMILY = "1,2";
			};
			name = Release;
		};
		133616EC2A7945DE00B69017 /* Debug */ = {
			isa = XCBuildConfiguration;
			buildSettings = {
				ALWAYS_EMBED_SWIFT_STANDARD_LIBRARIES = YES;
				BUNDLE_LOADER = "$(TEST_HOST)";
				CODE_SIGN_STYLE = Automatic;
				CURRENT_PROJECT_VERSION = 1;
				DEVELOPMENT_TEAM = DT2C2FZ7U2;
				GENERATE_INFOPLIST_FILE = YES;
				IPHONEOS_DEPLOYMENT_TARGET = 16.4;
				MACOSX_DEPLOYMENT_TARGET = 13.3;
				MARKETING_VERSION = 1.0;
				PRODUCT_BUNDLE_IDENTIFIER = "io.bitrise.ios-sampleTests";
				PRODUCT_NAME = "$(TARGET_NAME)";
				SDKROOT = auto;
				SUPPORTED_PLATFORMS = "iphoneos iphonesimulator macosx";
				SWIFT_EMIT_LOC_STRINGS = NO;
				SWIFT_VERSION = 5.0;
				TARGETED_DEVICE_FAMILY = "1,2";
				TEST_HOST = "$(BUILT_PRODUCTS_DIR)/ios-sample.app/$(BUNDLE_EXECUTABLE_FOLDER_PATH)/ios-sample";
			};
			name = Debug;
		};
		133616ED2A7945DE00B69017 /* Release */ = {
			isa = XCBuildConfiguration;
			buildSettings = {
				ALWAYS_EMBED_SWIFT_STANDARD_LIBRARIES = YES;
				BUNDLE_LOADER = "$(TEST_HOST)";
				CODE_SIGN_STYLE = Automatic;
				CURRENT_PROJECT_VERSION = 1;
				DEVELOPMENT_TEAM = DT2C2FZ7U2;
				GENERATE_INFOPLIST_FILE = YES;
				IPHONEOS_DEPLOYMENT_TARGET = 16.4;
				MACOSX_DEPLOYMENT_TARGET = 13.3;
				MARKETING_VERSION = 1.0;
				PRODUCT_BUNDLE_IDENTIFIER = "io.bitrise.ios-sampleTests";
				PRODUCT_NAME = "$(TARGET_NAME)";
				SDKROOT = auto;
				SUPPORTED_PLATFORMS = "iphoneos iphonesimulator macosx";
				SWIFT_EMIT_LOC_STRINGS = NO;
				SWIFT_VERSION = 5.0;
				TARGETED_DEVICE_FAMILY = "1,2";
				TEST_HOST = "$(BUILT_PRODUCTS_DIR)/ios-sample.app/$(BUNDLE_EXECUTABLE_FOLDER_PATH)/ios-sample";
			};
			name = Release;
		};
		133616EF2A7945DE00B69017 /* Debug */ = {
			isa = XCBuildConfiguration;
			buildSettings = {
				ALWAYS_EMBED_SWIFT_STANDARD_LIBRARIES = YES;
				CODE_SIGN_STYLE = Automatic;
				CURRENT_PROJECT_VERSION = 1;
				DEVELOPMENT_TEAM = DT2C2FZ7U2;
				GENERATE_INFOPLIST_FILE = YES;
				IPHONEOS_DEPLOYMENT_TARGET = 16.4;
				MACOSX_DEPLOYMENT_TARGET = 13.3;
				MARKETING_VERSION = 1.0;
				PRODUCT_BUNDLE_IDENTIFIER = "io.bitrise.ios-sampleUITests";
				PRODUCT_NAME = "$(TARGET_NAME)";
				SDKROOT = auto;
				SUPPORTED_PLATFORMS = "iphoneos iphonesimulator macosx";
				SWIFT_EMIT_LOC_STRINGS = NO;
				SWIFT_VERSION = 5.0;
				TARGETED_DEVICE_FAMILY = "1,2";
				TEST_TARGET_NAME = "ios-sample";
			};
			name = Debug;
		};
		133616F02A7945DE00B69017 /* Release */ = {
			isa = XCBuildConfiguration;
			buildSettings = {
				ALWAYS_EMBED_SWIFT_STANDARD_LIBRARIES = YES;
				CODE_SIGN_STYLE = Automatic;
				CURRENT_PROJECT_VERSION = 1;
				DEVELOPMENT_TEAM = DT2C2FZ7U2;
				GENERATE_INFOPLIST_FILE = YES;
				IPHONEOS_DEPLOYMENT_TARGET = 16.4;
				MACOSX_DEPLOYMENT_TARGET = 13.3;
				MARKETING_VERSION = 1.0;
				PRODUCT_BUNDLE_IDENTIFIER = "io.bitrise.ios-sampleUITests";
				PRODUCT_NAME = "$(TARGET_NAME)";
				SDKROOT = auto;
				SUPPORTED_PLATFORMS = "iphoneos iphonesimulator macosx";
				SWIFT_EMIT_LOC_STRINGS = NO;
				SWIFT_VERSION = 5.0;
				TARGETED_DEVICE_FAMILY = "1,2";
				TEST_TARGET_NAME = "ios-sample";
			};
			name = Release;
		};
		1355E6972ABC76A900E96FDA /* Debug */ = {
			isa = XCBuildConfiguration;
			buildSettings = {
				ASSETCATALOG_COMPILER_APPICON_NAME = AppIcon;
				ASSETCATALOG_COMPILER_GLOBAL_ACCENT_COLOR_NAME = AccentColor;
				CODE_SIGN_ENTITLEMENTS = "Mac App/Mac_App.entitlements";
				CODE_SIGN_STYLE = Automatic;
				COMBINE_HIDPI_IMAGES = YES;
				CURRENT_PROJECT_VERSION = 1;
				DEVELOPMENT_ASSET_PATHS = "\"Mac App/Preview Content\"";
				DEVELOPMENT_TEAM = DT2C2FZ7U2;
				ENABLE_HARDENED_RUNTIME = YES;
				ENABLE_PREVIEWS = YES;
				GENERATE_INFOPLIST_FILE = YES;
				INFOPLIST_KEY_NSHumanReadableCopyright = "";
				LD_RUNPATH_SEARCH_PATHS = (
					"$(inherited)",
					"@executable_path/../Frameworks",
				);
				MACOSX_DEPLOYMENT_TARGET = 13.3;
				MARKETING_VERSION = 1.0;
				PRODUCT_BUNDLE_IDENTIFIER = "io.bitrise.Mac-App";
				PRODUCT_NAME = "$(TARGET_NAME)";
				SDKROOT = macosx;
				SWIFT_EMIT_LOC_STRINGS = YES;
				SWIFT_VERSION = 5.0;
			};
			name = Debug;
		};
		1355E6982ABC76A900E96FDA /* Release */ = {
			isa = XCBuildConfiguration;
			buildSettings = {
				ASSETCATALOG_COMPILER_APPICON_NAME = AppIcon;
				ASSETCATALOG_COMPILER_GLOBAL_ACCENT_COLOR_NAME = AccentColor;
				CODE_SIGN_ENTITLEMENTS = "Mac App/Mac_App.entitlements";
				CODE_SIGN_STYLE = Automatic;
				COMBINE_HIDPI_IMAGES = YES;
				CURRENT_PROJECT_VERSION = 1;
				DEVELOPMENT_ASSET_PATHS = "\"Mac App/Preview Content\"";
				DEVELOPMENT_TEAM = DT2C2FZ7U2;
				ENABLE_HARDENED_RUNTIME = YES;
				ENABLE_PREVIEWS = YES;
				GENERATE_INFOPLIST_FILE = YES;
				INFOPLIST_KEY_NSHumanReadableCopyright = "";
				LD_RUNPATH_SEARCH_PATHS = (
					"$(inherited)",
					"@executable_path/../Frameworks",
				);
				MACOSX_DEPLOYMENT_TARGET = 13.3;
				MARKETING_VERSION = 1.0;
				PRODUCT_BUNDLE_IDENTIFIER = "io.bitrise.Mac-App";
				PRODUCT_NAME = "$(TARGET_NAME)";
				SDKROOT = macosx;
				SWIFT_EMIT_LOC_STRINGS = YES;
				SWIFT_VERSION = 5.0;
			};
			name = Release;
		};
		1355E6992ABC76A900E96FDA /* Debug */ = {
			isa = XCBuildConfiguration;
			buildSettings = {
				ALWAYS_EMBED_SWIFT_STANDARD_LIBRARIES = YES;
				BUNDLE_LOADER = "$(TEST_HOST)";
				CODE_SIGN_STYLE = Automatic;
				CURRENT_PROJECT_VERSION = 1;
				DEVELOPMENT_TEAM = DT2C2FZ7U2;
				GENERATE_INFOPLIST_FILE = YES;
				MACOSX_DEPLOYMENT_TARGET = 13.3;
				MARKETING_VERSION = 1.0;
				PRODUCT_BUNDLE_IDENTIFIER = "io.bitrise.Mac-AppTests";
				PRODUCT_NAME = "$(TARGET_NAME)";
				SDKROOT = macosx;
				SWIFT_EMIT_LOC_STRINGS = NO;
				SWIFT_VERSION = 5.0;
				TEST_HOST = "$(BUILT_PRODUCTS_DIR)/Mac App.app/$(BUNDLE_EXECUTABLE_FOLDER_PATH)/Mac App";
			};
			name = Debug;
		};
		1355E69A2ABC76A900E96FDA /* Release */ = {
			isa = XCBuildConfiguration;
			buildSettings = {
				ALWAYS_EMBED_SWIFT_STANDARD_LIBRARIES = YES;
				BUNDLE_LOADER = "$(TEST_HOST)";
				CODE_SIGN_STYLE = Automatic;
				CURRENT_PROJECT_VERSION = 1;
				DEVELOPMENT_TEAM = DT2C2FZ7U2;
				GENERATE_INFOPLIST_FILE = YES;
				MACOSX_DEPLOYMENT_TARGET = 13.3;
				MARKETING_VERSION = 1.0;
				PRODUCT_BUNDLE_IDENTIFIER = "io.bitrise.Mac-AppTests";
				PRODUCT_NAME = "$(TARGET_NAME)";
				SDKROOT = macosx;
				SWIFT_EMIT_LOC_STRINGS = NO;
				SWIFT_VERSION = 5.0;
				TEST_HOST = "$(BUILT_PRODUCTS_DIR)/Mac App.app/$(BUNDLE_EXECUTABLE_FOLDER_PATH)/Mac App";
			};
			name = Release;
		};
		1355E69B2ABC76A900E96FDA /* Debug */ = {
			isa = XCBuildConfiguration;
			buildSettings = {
				ALWAYS_EMBED_SWIFT_STANDARD_LIBRARIES = YES;
				CODE_SIGN_STYLE = Automatic;
				CURRENT_PROJECT_VERSION = 1;
				DEVELOPMENT_TEAM = DT2C2FZ7U2;
				GENERATE_INFOPLIST_FILE = YES;
				MACOSX_DEPLOYMENT_TARGET = 13.3;
				MARKETING_VERSION = 1.0;
				PRODUCT_BUNDLE_IDENTIFIER = "io.bitrise.Mac-AppUITests";
				PRODUCT_NAME = "$(TARGET_NAME)";
				SDKROOT = macosx;
				SWIFT_EMIT_LOC_STRINGS = NO;
				SWIFT_VERSION = 5.0;
				TEST_TARGET_NAME = "Mac App";
			};
			name = Debug;
		};
		1355E69C2ABC76A900E96FDA /* Release */ = {
			isa = XCBuildConfiguration;
			buildSettings = {
				ALWAYS_EMBED_SWIFT_STANDARD_LIBRARIES = YES;
				CODE_SIGN_STYLE = Automatic;
				CURRENT_PROJECT_VERSION = 1;
				DEVELOPMENT_TEAM = DT2C2FZ7U2;
				GENERATE_INFOPLIST_FILE = YES;
				MACOSX_DEPLOYMENT_TARGET = 13.3;
				MARKETING_VERSION = 1.0;
				PRODUCT_BUNDLE_IDENTIFIER = "io.bitrise.Mac-AppUITests";
				PRODUCT_NAME = "$(TARGET_NAME)";
				SDKROOT = macosx;
				SWIFT_EMIT_LOC_STRINGS = NO;
				SWIFT_VERSION = 5.0;
				TEST_TARGET_NAME = "Mac App";
			};
			name = Release;
		};
/* End XCBuildConfiguration section */

/* Begin XCConfigurationList section */
		133616BE2A7945DD00B69017 /* Build configuration list for PBXProject "ios-sample" */ = {
			isa = XCConfigurationList;
			buildConfigurations = (
				133616E62A7945DE00B69017 /* Debug */,
				133616E72A7945DE00B69017 /* Release */,
			);
			defaultConfigurationIsVisible = 0;
			defaultConfigurationName = Release;
		};
		133616E82A7945DE00B69017 /* Build configuration list for PBXNativeTarget "ios-sample" */ = {
			isa = XCConfigurationList;
			buildConfigurations = (
				133616E92A7945DE00B69017 /* Debug */,
				133616EA2A7945DE00B69017 /* Release */,
			);
			defaultConfigurationIsVisible = 0;
			defaultConfigurationName = Release;
		};
		133616EB2A7945DE00B69017 /* Build configuration list for PBXNativeTarget "ios-sampleTests" */ = {
			isa = XCConfigurationList;
			buildConfigurations = (
				133616EC2A7945DE00B69017 /* Debug */,
				133616ED2A7945DE00B69017 /* Release */,
			);
			defaultConfigurationIsVisible = 0;
			defaultConfigurationName = Release;
		};
		133616EE2A7945DE00B69017 /* Build configuration list for PBXNativeTarget "ios-sampleUITests" */ = {
			isa = XCConfigurationList;
			buildConfigurations = (
				133616EF2A7945DE00B69017 /* Debug */,
				133616F02A7945DE00B69017 /* Release */,
			);
			defaultConfigurationIsVisible = 0;
			defaultConfigurationName = Release;
		};
		1355E69D2ABC76A900E96FDA /* Build configuration list for PBXNativeTarget "Mac App" */ = {
			isa = XCConfigurationList;
			buildConfigurations = (
				1355E6972ABC76A900E96FDA /* Debug */,
				1355E6982ABC76A900E96FDA /* Release */,
			);
			defaultConfigurationIsVisible = 0;
			defaultConfigurationName = Release;
		};
		1355E69E2ABC76A900E96FDA /* Build configuration list for PBXNativeTarget "Mac AppTests" */ = {
			isa = XCConfigurationList;
			buildConfigurations = (
				1355E6992ABC76A900E96FDA /* Debug */,
				1355E69A2ABC76A900E96FDA /* Release */,
			);
			defaultConfigurationIsVisible = 0;
			defaultConfigurationName = Release;
		};
		1355E69F2ABC76A900E96FDA /* Build configuration list for PBXNativeTarget "Mac AppUITests" */ = {
			isa = XCConfigurationList;
			buildConfigurations = (
				1355E69B2ABC76A900E96FDA /* Debug */,
				1355E69C2ABC76A900E96FDA /* Release */,
			);
			defaultConfigurationIsVisible = 0;
			defaultConfigurationName = Release;
		};
/* End XCConfigurationList section */
	};
	rootObject = 133616BB2A7945DD00B69017 /* Project object */;
}
